
Microsoft Visual Studio Solution File, Format Version 12.00
# Visual Studio Version 16
VisualStudioVersion = 16.0.31702.278
MinimumVisualStudioVersion = 10.0.40219.1
Project("{FAE04EC0-301F-11D3-BF4B-00C04F79EFBC}") = "Natura", "Natura\Natura.csproj", "{593CF6E8-140F-4689-9958-00AB033F6858}"
EndProject
Global
	GlobalSection(SolutionConfigurationPlatforms) = preSolution
		Debug|Any CPU = Debug|Any CPU
		Release|Any CPU = Release|Any CPU
	EndGlobalSection
	GlobalSection(ProjectConfigurationPlatforms) = postSolution
		{593CF6E8-140F-4689-9958-00AB033F6858}.Debug|Any CPU.ActiveCfg = Debug|Any CPU
		{593CF6E8-140F-4689-9958-00AB033F6858}.Debug|Any CPU.Build.0 = Debug|Any CPU
		{593CF6E8-140F-4689-9958-00AB033F6858}.Release|Any CPU.ActiveCfg = Release|Any CPU
		{593CF6E8-140F-4689-9958-00AB033F6858}.Release|Any CPU.Build.0 = Release|Any CPU
	EndGlobalSection
	GlobalSection(SolutionProperties) = preSolution
		HideSolutionNode = FALSE
	EndGlobalSection
	GlobalSection(ExtensibilityGlobals) = postSolution
		SolutionGuid = {4FD3CB8F-FA1B-4856-9703-8E7500691BAD}
	EndGlobalSection
EndGlobal
